{
    "name": "node-red-project",
    "version": "0.0.1",
    "lockfileVersion": 2,
    "requires": true,
    "packages": {
        "": {
            "name": "node-red-project",
            "version": "0.0.1",
            "dependencies": {
                "node-red-contrib-postgresql": "~0.12.0",
                "node-red-node-serialport": "~1.0.3"
            }
        },
        "node_modules/@serialport/binding-mock": {
            "version": "10.2.2",
            "resolved": "https://registry.npmjs.org/@serialport/binding-mock/-/binding-mock-10.2.2.tgz",
            "integrity": "sha512-HAFzGhk9OuFMpuor7aT5G1ChPgn5qSsklTFOTUX72Rl6p0xwcSVsRtG/xaGp6bxpN7fI9D/S8THLBWbBgS6ldw==",
            "dependencies": {
                "@serialport/bindings-interface": "^1.2.1",
                "debug": "^4.3.3"
            },
            "engines": {
                "node": ">=12.0.0"
            }
        },
        "node_modules/@serialport/bindings-cpp": {
            "version": "10.8.0",
            "resolved": "https://registry.npmjs.org/@serialport/bindings-cpp/-/bindings-cpp-10.8.0.tgz",
            "integrity": "sha512-OMQNJz5kJblbmZN5UgJXLwi2XNtVLxSKmq5VyWuXQVsUIJD4l9UGHnLPqM5LD9u3HPZgDI5w7iYN7gxkQNZJUw==",
            "hasInstallScript": true,
            "dependencies": {
                "@serialport/bindings-interface": "1.2.2",
                "@serialport/parser-readline": "^10.2.1",
                "debug": "^4.3.2",
                "node-addon-api": "^5.0.0",
                "node-gyp-build": "^4.3.0"
            },
            "engines": {
                "node": ">=12.17.0 <13.0 || >=14.0.0"
            },
            "funding": {
                "url": "https://opencollective.com/serialport/donate"
            }
        },
        "node_modules/@serialport/bindings-interface": {
            "version": "1.2.2",
            "resolved": "https://registry.npmjs.org/@serialport/bindings-interface/-/bindings-interface-1.2.2.tgz",
            "integrity": "sha512-CJaUd5bLvtM9c5dmO9rPBHPXTa9R2UwpkJ0wdh9JCYcbrPWsKz+ErvR0hBLeo7NPeiFdjFO4sonRljiw4d2XiA==",
            "engines": {
                "node": "^12.22 || ^14.13 || >=16"
            }
        },
        "node_modules/@serialport/parser-byte-length": {
            "version": "10.5.0",
            "resolved": "https://registry.npmjs.org/@serialport/parser-byte-length/-/parser-byte-length-10.5.0.tgz",
            "integrity": "sha512-eHhr4lHKboq1OagyaXAqkemQ1XyoqbLQC8XJbvccm95o476TmEdW5d7AElwZV28kWprPW68ZXdGF2VXCkJgS2w==",
            "engines": {
                "node": ">=12.0.0"
            },
            "funding": {
                "url": "https://opencollective.com/serialport/donate"
            }
        },
        "node_modules/@serialport/parser-cctalk": {
            "version": "10.5.0",
            "resolved": "https://registry.npmjs.org/@serialport/parser-cctalk/-/parser-cctalk-10.5.0.tgz",
            "integrity": "sha512-Iwsdr03xmCKAiibLSr7b3w6ZUTBNiS+PwbDQXdKU/clutXjuoex83XvsOtYVcNZmwJlVNhAUbkG+FJzWwIa4DA==",
            "engines": {
                "node": ">=12.0.0"
            },
            "funding": {
                "url": "https://opencollective.com/serialport/donate"
            }
        },
        "node_modules/@serialport/parser-delimiter": {
            "version": "10.5.0",
            "resolved": "https://registry.npmjs.org/@serialport/parser-delimiter/-/parser-delimiter-10.5.0.tgz",
            "integrity": "sha512-/uR/yT3jmrcwnl2FJU/2ySvwgo5+XpksDUR4NF/nwTS5i3CcuKS+FKi/tLzy1k8F+rCx5JzpiK+koqPqOUWArA==",
            "engines": {
                "node": ">=12.0.0"
            },
            "funding": {
                "url": "https://opencollective.com/serialport/donate"
            }
        },
        "node_modules/@serialport/parser-inter-byte-timeout": {
            "version": "10.5.0",
            "resolved": "https://registry.npmjs.org/@serialport/parser-inter-byte-timeout/-/parser-inter-byte-timeout-10.5.0.tgz",
            "integrity": "sha512-WPvVlSx98HmmUF9jjK6y9mMp3Wnv6JQA0cUxLeZBgS74TibOuYG3fuUxUWGJALgAXotOYMxfXSezJ/vSnQrkhQ==",
            "engines": {
                "node": ">=12.0.0"
            },
            "funding": {
                "url": "https://opencollective.com/serialport/donate"
            }
        },
        "node_modules/@serialport/parser-packet-length": {
            "version": "10.5.0",
            "resolved": "https://registry.npmjs.org/@serialport/parser-packet-length/-/parser-packet-length-10.5.0.tgz",
            "integrity": "sha512-jkpC/8w4/gUBRa2Teyn7URv1D7T//0lGj27/4u9AojpDVXsR6dtdcTG7b7dNirXDlOrSLvvN7aS5/GNaRlEByw==",
            "engines": {
                "node": ">=8.6.0"
            }
        },
        "node_modules/@serialport/parser-readline": {
            "version": "10.5.0",
            "resolved": "https://registry.npmjs.org/@serialport/parser-readline/-/parser-readline-10.5.0.tgz",
            "integrity": "sha512-0aXJknodcl94W9zSjvU+sLdXiyEG2rqjQmvBWZCr8wJZjWEtv3RgrnYiWq4i2OTOyC8C/oPK8ZjpBjQptRsoJQ==",
            "dependencies": {
                "@serialport/parser-delimiter": "10.5.0"
            },
            "engines": {
                "node": ">=12.0.0"
            },
            "funding": {
                "url": "https://opencollective.com/serialport/donate"
            }
        },
        "node_modules/@serialport/parser-ready": {
            "version": "10.5.0",
            "resolved": "https://registry.npmjs.org/@serialport/parser-ready/-/parser-ready-10.5.0.tgz",
            "integrity": "sha512-QIf65LTvUoxqWWHBpgYOL+soldLIIyD1bwuWelukem2yDZVWwEjR288cLQ558BgYxH4U+jLAQahhqoyN1I7BaA==",
            "engines": {
                "node": ">=12.0.0"
            },
            "funding": {
                "url": "https://opencollective.com/serialport/donate"
            }
        },
        "node_modules/@serialport/parser-regex": {
            "version": "10.5.0",
            "resolved": "https://registry.npmjs.org/@serialport/parser-regex/-/parser-regex-10.5.0.tgz",
            "integrity": "sha512-9jnr9+PCxRoLjtGs7uxwsFqvho+rxuJlW6ZWSB7oqfzshEZWXtTJgJRgac/RuLft4hRlrmRz5XU40i3uoL4HKw==",
            "engines": {
                "node": ">=12.0.0"
            },
            "funding": {
                "url": "https://opencollective.com/serialport/donate"
            }
        },
        "node_modules/@serialport/parser-slip-encoder": {
            "version": "10.5.0",
            "resolved": "https://registry.npmjs.org/@serialport/parser-slip-encoder/-/parser-slip-encoder-10.5.0.tgz",
            "integrity": "sha512-wP8m+uXQdkWSa//3n+VvfjLthlabwd9NiG6kegf0fYweLWio8j4pJRL7t9eTh2Lbc7zdxuO0r8ducFzO0m8CQw==",
            "engines": {
                "node": ">=12.0.0"
            },
            "funding": {
                "url": "https://opencollective.com/serialport/donate"
            }
        },
        "node_modules/@serialport/parser-spacepacket": {
            "version": "10.5.0",
            "resolved": "https://registry.npmjs.org/@serialport/parser-spacepacket/-/parser-spacepacket-10.5.0.tgz",
            "integrity": "sha512-BEZ/HAEMwOd8xfuJSeI/823IR/jtnThovh7ils90rXD4DPL1ZmrP4abAIEktwe42RobZjIPfA4PaVfyO0Fjfhg==",
            "engines": {
                "node": ">=12.0.0"
            },
            "funding": {
                "url": "https://opencollective.com/serialport/donate"
            }
        },
        "node_modules/@serialport/stream": {
            "version": "10.5.0",
            "resolved": "https://registry.npmjs.org/@serialport/stream/-/stream-10.5.0.tgz",
            "integrity": "sha512-gbcUdvq9Kyv2HsnywS7QjnEB28g+6OGB5Z8TLP7X+UPpoMIWoUsoQIq5Kt0ZTgMoWn3JGM2lqwTsSHF+1qhniA==",
            "dependencies": {
                "@serialport/bindings-interface": "1.2.2",
                "debug": "^4.3.2"
            },
            "engines": {
                "node": ">=12.0.0"
            },
            "funding": {
                "url": "https://opencollective.com/serialport/donate"
            }
        },
        "node_modules/buffer-writer": {
            "version": "2.0.0",
            "resolved": "https://registry.npmjs.org/buffer-writer/-/buffer-writer-2.0.0.tgz",
            "integrity": "sha512-a7ZpuTZU1TRtnwyCNW3I5dc0wWNC3VR9S++Ewyk2HHZdrO3CQJqSpd+95Us590V6AL7JqUAH2IwZ/398PmNFgw==",
            "engines": {
                "node": ">=4"
            }
        },
        "node_modules/debug": {
            "version": "4.3.4",
            "resolved": "https://registry.npmjs.org/debug/-/debug-4.3.4.tgz",
            "integrity": "sha512-PRWFHuSU3eDtQJPvnNY7Jcket1j0t5OuOsFzPPzsekD52Zl8qUfFIPEiswXqIvHWGVHOgX+7G/vCNNhehwxfkQ==",
            "dependencies": {
                "ms": "2.1.2"
            },
            "engines": {
                "node": ">=6.0"
            },
            "peerDependenciesMeta": {
                "supports-color": {
                    "optional": true
                }
            }
        },
        "node_modules/ms": {
            "version": "2.1.2",
            "resolved": "https://registry.npmjs.org/ms/-/ms-2.1.2.tgz",
            "integrity": "sha512-sGkPx+VjMtmA6MX27oA4FBFELFCZZ4S4XqeGOXCv68tT+jb3vk/RyaKWP0PTKyWtmLSM0b+adUTEvbs1PEaH2w=="
        },
        "node_modules/mustache": {
            "version": "4.2.0",
            "resolved": "https://registry.npmjs.org/mustache/-/mustache-4.2.0.tgz",
            "integrity": "sha512-71ippSywq5Yb7/tVYyGbkBggbU8H3u5Rz56fH60jGFgr8uHwxs+aSKeqmluIVzM0m0kB7xQjKS6qPfd0b2ZoqQ==",
            "bin": {
                "mustache": "bin/mustache"
            }
        },
        "node_modules/node-addon-api": {
            "version": "5.1.0",
            "resolved": "https://registry.npmjs.org/node-addon-api/-/node-addon-api-5.1.0.tgz",
            "integrity": "sha512-eh0GgfEkpnoWDq+VY8OyvYhFEzBk6jIYbRKdIlyTiAXIVJ8PyBaKb0rp7oDtoddbdoHWhq8wwr+XZ81F1rpNdA=="
        },
        "node_modules/node-gyp-build": {
            "version": "4.6.0",
            "resolved": "https://registry.npmjs.org/node-gyp-build/-/node-gyp-build-4.6.0.tgz",
            "integrity": "sha512-NTZVKn9IylLwUzaKjkas1e4u2DLNcV4rdYagA4PWdPwW87Bi7z+BznyKSRwS/761tV/lzCGXplWsiaMjLqP2zQ==",
            "bin": {
                "node-gyp-build": "bin.js",
                "node-gyp-build-optional": "optional.js",
                "node-gyp-build-test": "build-test.js"
            }
        },
        "node_modules/node-red-contrib-postgresql": {
            "version": "0.12.0",
            "resolved": "https://registry.npmjs.org/node-red-contrib-postgresql/-/node-red-contrib-postgresql-0.12.0.tgz",
            "integrity": "sha512-aeG8HmFVSc7coci3a8LByHCPLg9igCmziNu+DJOMpR89NKojzRaQE5e6gtYg9QdIsmr02gfvoSmk4rjQrKKfkg==",
            "dependencies": {
                "mustache": "^4.2.0",
                "pg": "^8.8.0",
                "pg-cursor": "^2.7.4"
            },
            "engines": {
                "node": ">=8"
            }
        },
        "node_modules/node-red-node-serialport": {
            "version": "1.0.3",
            "resolved": "https://registry.npmjs.org/node-red-node-serialport/-/node-red-node-serialport-1.0.3.tgz",
            "integrity": "sha512-cyu97GNrzOB0zfGPmgMNcQZPT/xJ9PsynMIlIlnx+EU7vcpop8B5j2xjJwovo1/6dEIBrAPIwixBpp9SJTITZg==",
            "dependencies": {
                "serialport": "^10.5.0"
            },
            "engines": {
                "node": ">=12.0.0"
            }
        },
        "node_modules/packet-reader": {
            "version": "1.0.0",
            "resolved": "https://registry.npmjs.org/packet-reader/-/packet-reader-1.0.0.tgz",
            "integrity": "sha512-HAKu/fG3HpHFO0AA8WE8q2g+gBJaZ9MG7fcKk+IJPLTGAD6Psw4443l+9DGRbOIh3/aXr7Phy0TjilYivJo5XQ=="
        },
        "node_modules/pg": {
            "version": "8.9.0",
            "resolved": "https://registry.npmjs.org/pg/-/pg-8.9.0.tgz",
            "integrity": "sha512-ZJM+qkEbtOHRuXjmvBtOgNOXOtLSbxiMiUVMgE4rV6Zwocy03RicCVvDXgx8l4Biwo8/qORUnEqn2fdQzV7KCg==",
            "dependencies": {
                "buffer-writer": "2.0.0",
                "packet-reader": "1.0.0",
                "pg-connection-string": "^2.5.0",
                "pg-pool": "^3.5.2",
                "pg-protocol": "^1.6.0",
                "pg-types": "^2.1.0",
                "pgpass": "1.x"
            },
            "engines": {
                "node": ">= 8.0.0"
            },
            "peerDependencies": {
                "pg-native": ">=3.0.1"
            },
            "peerDependenciesMeta": {
                "pg-native": {
                    "optional": true
                }
            }
        },
        "node_modules/pg-connection-string": {
            "version": "2.5.0",
            "resolved": "https://registry.npmjs.org/pg-connection-string/-/pg-connection-string-2.5.0.tgz",
            "integrity": "sha512-r5o/V/ORTA6TmUnyWZR9nCj1klXCO2CEKNRlVuJptZe85QuhFayC7WeMic7ndayT5IRIR0S0xFxFi2ousartlQ=="
        },
        "node_modules/pg-cursor": {
            "version": "2.8.0",
            "resolved": "https://registry.npmjs.org/pg-cursor/-/pg-cursor-2.8.0.tgz",
            "integrity": "sha512-LrOaEHK+R1C40e+xeri3FTRY/VKp9uTOCVsKtGB7LJ57qbeaphYvWjbVly8AesdT1GfHXYcAnVdExKhW7DKOvA==",
            "peerDependencies": {
                "pg": "^8"
            }
        },
        "node_modules/pg-int8": {
            "version": "1.0.1",
            "resolved": "https://registry.npmjs.org/pg-int8/-/pg-int8-1.0.1.tgz",
            "integrity": "sha512-WCtabS6t3c8SkpDBUlb1kjOs7l66xsGdKpIPZsg4wR+B3+u9UAum2odSsF9tnvxg80h4ZxLWMy4pRjOsFIqQpw==",
            "engines": {
                "node": ">=4.0.0"
            }
        },
        "node_modules/pg-pool": {
            "version": "3.5.2",
            "resolved": "https://registry.npmjs.org/pg-pool/-/pg-pool-3.5.2.tgz",
            "integrity": "sha512-His3Fh17Z4eg7oANLob6ZvH8xIVen3phEZh2QuyrIl4dQSDVEabNducv6ysROKpDNPSD+12tONZVWfSgMvDD9w==",
            "peerDependencies": {
                "pg": ">=8.0"
            }
        },
        "node_modules/pg-protocol": {
            "version": "1.6.0",
            "resolved": "https://registry.npmjs.org/pg-protocol/-/pg-protocol-1.6.0.tgz",
            "integrity": "sha512-M+PDm637OY5WM307051+bsDia5Xej6d9IR4GwJse1qA1DIhiKlksvrneZOYQq42OM+spubpcNYEo2FcKQrDk+Q=="
        },
        "node_modules/pg-types": {
            "version": "2.2.0",
            "resolved": "https://registry.npmjs.org/pg-types/-/pg-types-2.2.0.tgz",
            "integrity": "sha512-qTAAlrEsl8s4OiEQY69wDvcMIdQN6wdz5ojQiOy6YRMuynxenON0O5oCpJI6lshc6scgAY8qvJ2On/p+CXY0GA==",
            "dependencies": {
                "pg-int8": "1.0.1",
                "postgres-array": "~2.0.0",
                "postgres-bytea": "~1.0.0",
                "postgres-date": "~1.0.4",
                "postgres-interval": "^1.1.0"
            },
            "engines": {
                "node": ">=4"
            }
        },
        "node_modules/pgpass": {
            "version": "1.0.5",
            "resolved": "https://registry.npmjs.org/pgpass/-/pgpass-1.0.5.tgz",
            "integrity": "sha512-FdW9r/jQZhSeohs1Z3sI1yxFQNFvMcnmfuj4WBMUTxOrAyLMaTcE1aAMBiTlbMNaXvBCQuVi0R7hd8udDSP7ug==",
            "dependencies": {
                "split2": "^4.1.0"
            }
        },
        "node_modules/postgres-array": {
            "version": "2.0.0",
            "resolved": "https://registry.npmjs.org/postgres-array/-/postgres-array-2.0.0.tgz",
            "integrity": "sha512-VpZrUqU5A69eQyW2c5CA1jtLecCsN2U/bD6VilrFDWq5+5UIEVO7nazS3TEcHf1zuPYO/sqGvUvW62g86RXZuA==",
            "engines": {
                "node": ">=4"
            }
        },
        "node_modules/postgres-bytea": {
            "version": "1.0.0",
            "resolved": "https://registry.npmjs.org/postgres-bytea/-/postgres-bytea-1.0.0.tgz",
            "integrity": "sha512-xy3pmLuQqRBZBXDULy7KbaitYqLcmxigw14Q5sj8QBVLqEwXfeybIKVWiqAXTlcvdvb0+xkOtDbfQMOf4lST1w==",
            "engines": {
                "node": ">=0.10.0"
            }
        },
        "node_modules/postgres-date": {
            "version": "1.0.7",
            "resolved": "https://registry.npmjs.org/postgres-date/-/postgres-date-1.0.7.tgz",
            "integrity": "sha512-suDmjLVQg78nMK2UZ454hAG+OAW+HQPZ6n++TNDUX+L0+uUlLywnoxJKDou51Zm+zTCjrCl0Nq6J9C5hP9vK/Q==",
            "engines": {
                "node": ">=0.10.0"
            }
        },
        "node_modules/postgres-interval": {
            "version": "1.2.0",
            "resolved": "https://registry.npmjs.org/postgres-interval/-/postgres-interval-1.2.0.tgz",
            "integrity": "sha512-9ZhXKM/rw350N1ovuWHbGxnGh/SNJ4cnxHiM0rxE4VN41wsg8P8zWn9hv/buK00RP4WvlOyr/RBDiptyxVbkZQ==",
            "dependencies": {
                "xtend": "^4.0.0"
            },
            "engines": {
                "node": ">=0.10.0"
            }
        },
        "node_modules/serialport": {
            "version": "10.5.0",
            "resolved": "https://registry.npmjs.org/serialport/-/serialport-10.5.0.tgz",
            "integrity": "sha512-7OYLDsu5i6bbv3lU81pGy076xe0JwpK6b49G6RjNvGibstUqQkI+I3/X491yBGtf4gaqUdOgoU1/5KZ/XxL4dw==",
            "dependencies": {
                "@serialport/binding-mock": "10.2.2",
                "@serialport/bindings-cpp": "10.8.0",
                "@serialport/parser-byte-length": "10.5.0",
                "@serialport/parser-cctalk": "10.5.0",
                "@serialport/parser-delimiter": "10.5.0",
                "@serialport/parser-inter-byte-timeout": "10.5.0",
                "@serialport/parser-packet-length": "10.5.0",
                "@serialport/parser-readline": "10.5.0",
                "@serialport/parser-ready": "10.5.0",
                "@serialport/parser-regex": "10.5.0",
                "@serialport/parser-slip-encoder": "10.5.0",
                "@serialport/parser-spacepacket": "10.5.0",
                "@serialport/stream": "10.5.0",
                "debug": "^4.3.3"
            },
            "engines": {
                "node": ">=12.0.0"
            },
            "funding": {
                "url": "https://opencollective.com/serialport/donate"
            }
        },
        "node_modules/split2": {
            "version": "4.1.0",
            "resolved": "https://registry.npmjs.org/split2/-/split2-4.1.0.tgz",
            "integrity": "sha512-VBiJxFkxiXRlUIeyMQi8s4hgvKCSjtknJv/LVYbrgALPwf5zSKmEwV9Lst25AkvMDnvxODugjdl6KZgwKM1WYQ==",
            "engines": {
                "node": ">= 10.x"
            }
        },
        "node_modules/xtend": {
            "version": "4.0.2",
            "resolved": "https://registry.npmjs.org/xtend/-/xtend-4.0.2.tgz",
            "integrity": "sha512-LKYU1iAXJXUgAXn9URjiu+MWhyUXHsvfp7mcuYm9dSUKK0/CjtrUwFAxD82/mCWbtLsGjFIad0wIsod4zrTAEQ==",
            "engines": {
                "node": ">=0.4"
            }
        }
    },
    "dependencies": {
        "@serialport/binding-mock": {
            "version": "10.2.2",
            "resolved": "https://registry.npmjs.org/@serialport/binding-mock/-/binding-mock-10.2.2.tgz",
            "integrity": "sha512-HAFzGhk9OuFMpuor7aT5G1ChPgn5qSsklTFOTUX72Rl6p0xwcSVsRtG/xaGp6bxpN7fI9D/S8THLBWbBgS6ldw==",
            "requires": {
                "@serialport/bindings-interface": "^1.2.1",
                "debug": "^4.3.3"
            }
        },
        "@serialport/bindings-cpp": {
            "version": "10.8.0",
            "resolved": "https://registry.npmjs.org/@serialport/bindings-cpp/-/bindings-cpp-10.8.0.tgz",
            "integrity": "sha512-OMQNJz5kJblbmZN5UgJXLwi2XNtVLxSKmq5VyWuXQVsUIJD4l9UGHnLPqM5LD9u3HPZgDI5w7iYN7gxkQNZJUw==",
            "requires": {
                "@serialport/bindings-interface": "1.2.2",
                "@serialport/parser-readline": "^10.2.1",
                "debug": "^4.3.2",
                "node-addon-api": "^5.0.0",
                "node-gyp-build": "^4.3.0"
            }
        },
        "@serialport/bindings-interface": {
            "version": "1.2.2",
            "resolved": "https://registry.npmjs.org/@serialport/bindings-interface/-/bindings-interface-1.2.2.tgz",
            "integrity": "sha512-CJaUd5bLvtM9c5dmO9rPBHPXTa9R2UwpkJ0wdh9JCYcbrPWsKz+ErvR0hBLeo7NPeiFdjFO4sonRljiw4d2XiA=="
        },
        "@serialport/parser-byte-length": {
            "version": "10.5.0",
            "resolved": "https://registry.npmjs.org/@serialport/parser-byte-length/-/parser-byte-length-10.5.0.tgz",
            "integrity": "sha512-eHhr4lHKboq1OagyaXAqkemQ1XyoqbLQC8XJbvccm95o476TmEdW5d7AElwZV28kWprPW68ZXdGF2VXCkJgS2w=="
        },
        "@serialport/parser-cctalk": {
            "version": "10.5.0",
            "resolved": "https://registry.npmjs.org/@serialport/parser-cctalk/-/parser-cctalk-10.5.0.tgz",
            "integrity": "sha512-Iwsdr03xmCKAiibLSr7b3w6ZUTBNiS+PwbDQXdKU/clutXjuoex83XvsOtYVcNZmwJlVNhAUbkG+FJzWwIa4DA=="
        },
        "@serialport/parser-delimiter": {
            "version": "10.5.0",
            "resolved": "https://registry.npmjs.org/@serialport/parser-delimiter/-/parser-delimiter-10.5.0.tgz",
            "integrity": "sha512-/uR/yT3jmrcwnl2FJU/2ySvwgo5+XpksDUR4NF/nwTS5i3CcuKS+FKi/tLzy1k8F+rCx5JzpiK+koqPqOUWArA=="
        },
        "@serialport/parser-inter-byte-timeout": {
            "version": "10.5.0",
            "resolved": "https://registry.npmjs.org/@serialport/parser-inter-byte-timeout/-/parser-inter-byte-timeout-10.5.0.tgz",
            "integrity": "sha512-WPvVlSx98HmmUF9jjK6y9mMp3Wnv6JQA0cUxLeZBgS74TibOuYG3fuUxUWGJALgAXotOYMxfXSezJ/vSnQrkhQ=="
        },
        "@serialport/parser-packet-length": {
            "version": "10.5.0",
            "resolved": "https://registry.npmjs.org/@serialport/parser-packet-length/-/parser-packet-length-10.5.0.tgz",
            "integrity": "sha512-jkpC/8w4/gUBRa2Teyn7URv1D7T//0lGj27/4u9AojpDVXsR6dtdcTG7b7dNirXDlOrSLvvN7aS5/GNaRlEByw=="
        },
        "@serialport/parser-readline": {
            "version": "10.5.0",
            "resolved": "https://registry.npmjs.org/@serialport/parser-readline/-/parser-readline-10.5.0.tgz",
            "integrity": "sha512-0aXJknodcl94W9zSjvU+sLdXiyEG2rqjQmvBWZCr8wJZjWEtv3RgrnYiWq4i2OTOyC8C/oPK8ZjpBjQptRsoJQ==",
            "requires": {
                "@serialport/parser-delimiter": "10.5.0"
            }
        },
        "@serialport/parser-ready": {
            "version": "10.5.0",
            "resolved": "https://registry.npmjs.org/@serialport/parser-ready/-/parser-ready-10.5.0.tgz",
            "integrity": "sha512-QIf65LTvUoxqWWHBpgYOL+soldLIIyD1bwuWelukem2yDZVWwEjR288cLQ558BgYxH4U+jLAQahhqoyN1I7BaA=="
        },
        "@serialport/parser-regex": {
            "version": "10.5.0",
            "resolved": "https://registry.npmjs.org/@serialport/parser-regex/-/parser-regex-10.5.0.tgz",
            "integrity": "sha512-9jnr9+PCxRoLjtGs7uxwsFqvho+rxuJlW6ZWSB7oqfzshEZWXtTJgJRgac/RuLft4hRlrmRz5XU40i3uoL4HKw=="
        },
        "@serialport/parser-slip-encoder": {
            "version": "10.5.0",
            "resolved": "https://registry.npmjs.org/@serialport/parser-slip-encoder/-/parser-slip-encoder-10.5.0.tgz",
            "integrity": "sha512-wP8m+uXQdkWSa//3n+VvfjLthlabwd9NiG6kegf0fYweLWio8j4pJRL7t9eTh2Lbc7zdxuO0r8ducFzO0m8CQw=="
        },
        "@serialport/parser-spacepacket": {
            "version": "10.5.0",
            "resolved": "https://registry.npmjs.org/@serialport/parser-spacepacket/-/parser-spacepacket-10.5.0.tgz",
            "integrity": "sha512-BEZ/HAEMwOd8xfuJSeI/823IR/jtnThovh7ils90rXD4DPL1ZmrP4abAIEktwe42RobZjIPfA4PaVfyO0Fjfhg=="
        },
        "@serialport/stream": {
            "version": "10.5.0",
            "resolved": "https://registry.npmjs.org/@serialport/stream/-/stream-10.5.0.tgz",
            "integrity": "sha512-gbcUdvq9Kyv2HsnywS7QjnEB28g+6OGB5Z8TLP7X+UPpoMIWoUsoQIq5Kt0ZTgMoWn3JGM2lqwTsSHF+1qhniA==",
            "requires": {
                "@serialport/bindings-interface": "1.2.2",
                "debug": "^4.3.2"
            }
        },
        "buffer-writer": {
            "version": "2.0.0",
            "resolved": "https://registry.npmjs.org/buffer-writer/-/buffer-writer-2.0.0.tgz",
            "integrity": "sha512-a7ZpuTZU1TRtnwyCNW3I5dc0wWNC3VR9S++Ewyk2HHZdrO3CQJqSpd+95Us590V6AL7JqUAH2IwZ/398PmNFgw=="
        },
        "debug": {
            "version": "4.3.4",
            "resolved": "https://registry.npmjs.org/debug/-/debug-4.3.4.tgz",
            "integrity": "sha512-PRWFHuSU3eDtQJPvnNY7Jcket1j0t5OuOsFzPPzsekD52Zl8qUfFIPEiswXqIvHWGVHOgX+7G/vCNNhehwxfkQ==",
            "requires": {
                "ms": "2.1.2"
            }
        },
        "ms": {
            "version": "2.1.2",
            "resolved": "https://registry.npmjs.org/ms/-/ms-2.1.2.tgz",
            "integrity": "sha512-sGkPx+VjMtmA6MX27oA4FBFELFCZZ4S4XqeGOXCv68tT+jb3vk/RyaKWP0PTKyWtmLSM0b+adUTEvbs1PEaH2w=="
        },
        "mustache": {
            "version": "4.2.0",
            "resolved": "https://registry.npmjs.org/mustache/-/mustache-4.2.0.tgz",
            "integrity": "sha512-71ippSywq5Yb7/tVYyGbkBggbU8H3u5Rz56fH60jGFgr8uHwxs+aSKeqmluIVzM0m0kB7xQjKS6qPfd0b2ZoqQ=="
        },
        "node-addon-api": {
            "version": "5.1.0",
            "resolved": "https://registry.npmjs.org/node-addon-api/-/node-addon-api-5.1.0.tgz",
            "integrity": "sha512-eh0GgfEkpnoWDq+VY8OyvYhFEzBk6jIYbRKdIlyTiAXIVJ8PyBaKb0rp7oDtoddbdoHWhq8wwr+XZ81F1rpNdA=="
        },
        "node-gyp-build": {
            "version": "4.6.0",
            "resolved": "https://registry.npmjs.org/node-gyp-build/-/node-gyp-build-4.6.0.tgz",
            "integrity": "sha512-NTZVKn9IylLwUzaKjkas1e4u2DLNcV4rdYagA4PWdPwW87Bi7z+BznyKSRwS/761tV/lzCGXplWsiaMjLqP2zQ=="
        },
        "node-red-contrib-postgresql": {
            "version": "0.12.0",
            "resolved": "https://registry.npmjs.org/node-red-contrib-postgresql/-/node-red-contrib-postgresql-0.12.0.tgz",
            "integrity": "sha512-aeG8HmFVSc7coci3a8LByHCPLg9igCmziNu+DJOMpR89NKojzRaQE5e6gtYg9QdIsmr02gfvoSmk4rjQrKKfkg==",
            "requires": {
                "mustache": "^4.2.0",
                "pg": "^8.8.0",
                "pg-cursor": "^2.7.4"
            }
        },
        "node-red-node-serialport": {
            "version": "1.0.3",
            "resolved": "https://registry.npmjs.org/node-red-node-serialport/-/node-red-node-serialport-1.0.3.tgz",
            "integrity": "sha512-cyu97GNrzOB0zfGPmgMNcQZPT/xJ9PsynMIlIlnx+EU7vcpop8B5j2xjJwovo1/6dEIBrAPIwixBpp9SJTITZg==",
            "requires": {
                "serialport": "^10.5.0"
            }
        },
        "packet-reader": {
            "version": "1.0.0",
            "resolved": "https://registry.npmjs.org/packet-reader/-/packet-reader-1.0.0.tgz",
            "integrity": "sha512-HAKu/fG3HpHFO0AA8WE8q2g+gBJaZ9MG7fcKk+IJPLTGAD6Psw4443l+9DGRbOIh3/aXr7Phy0TjilYivJo5XQ=="
        },
        "pg": {
            "version": "8.9.0",
            "resolved": "https://registry.npmjs.org/pg/-/pg-8.9.0.tgz",
            "integrity": "sha512-ZJM+qkEbtOHRuXjmvBtOgNOXOtLSbxiMiUVMgE4rV6Zwocy03RicCVvDXgx8l4Biwo8/qORUnEqn2fdQzV7KCg==",
            "requires": {
                "buffer-writer": "2.0.0",
                "packet-reader": "1.0.0",
                "pg-connection-string": "^2.5.0",
                "pg-pool": "^3.5.2",
                "pg-protocol": "^1.6.0",
                "pg-types": "^2.1.0",
                "pgpass": "1.x"
            }
        },
        "pg-connection-string": {
            "version": "2.5.0",
            "resolved": "https://registry.npmjs.org/pg-connection-string/-/pg-connection-string-2.5.0.tgz",
            "integrity": "sha512-r5o/V/ORTA6TmUnyWZR9nCj1klXCO2CEKNRlVuJptZe85QuhFayC7WeMic7ndayT5IRIR0S0xFxFi2ousartlQ=="
        },
        "pg-cursor": {
            "version": "2.8.0",
            "resolved": "https://registry.npmjs.org/pg-cursor/-/pg-cursor-2.8.0.tgz",
            "integrity": "sha512-LrOaEHK+R1C40e+xeri3FTRY/VKp9uTOCVsKtGB7LJ57qbeaphYvWjbVly8AesdT1GfHXYcAnVdExKhW7DKOvA==",
            "requires": {}
        },
        "pg-int8": {
            "version": "1.0.1",
            "resolved": "https://registry.npmjs.org/pg-int8/-/pg-int8-1.0.1.tgz",
            "integrity": "sha512-WCtabS6t3c8SkpDBUlb1kjOs7l66xsGdKpIPZsg4wR+B3+u9UAum2odSsF9tnvxg80h4ZxLWMy4pRjOsFIqQpw=="
        },
        "pg-pool": {
            "version": "3.5.2",
            "resolved": "https://registry.npmjs.org/pg-pool/-/pg-pool-3.5.2.tgz",
            "integrity": "sha512-His3Fh17Z4eg7oANLob6ZvH8xIVen3phEZh2QuyrIl4dQSDVEabNducv6ysROKpDNPSD+12tONZVWfSgMvDD9w==",
            "requires": {}
        },
        "pg-protocol": {
            "version": "1.6.0",
            "resolved": "https://registry.npmjs.org/pg-protocol/-/pg-protocol-1.6.0.tgz",
            "integrity": "sha512-M+PDm637OY5WM307051+bsDia5Xej6d9IR4GwJse1qA1DIhiKlksvrneZOYQq42OM+spubpcNYEo2FcKQrDk+Q=="
        },
        "pg-types": {
            "version": "2.2.0",
            "resolved": "https://registry.npmjs.org/pg-types/-/pg-types-2.2.0.tgz",
            "integrity": "sha512-qTAAlrEsl8s4OiEQY69wDvcMIdQN6wdz5ojQiOy6YRMuynxenON0O5oCpJI6lshc6scgAY8qvJ2On/p+CXY0GA==",
            "requires": {
                "pg-int8": "1.0.1",
                "postgres-array": "~2.0.0",
                "postgres-bytea": "~1.0.0",
                "postgres-date": "~1.0.4",
                "postgres-interval": "^1.1.0"
            }
        },
        "pgpass": {
            "version": "1.0.5",
            "resolved": "https://registry.npmjs.org/pgpass/-/pgpass-1.0.5.tgz",
            "integrity": "sha512-FdW9r/jQZhSeohs1Z3sI1yxFQNFvMcnmfuj4WBMUTxOrAyLMaTcE1aAMBiTlbMNaXvBCQuVi0R7hd8udDSP7ug==",
            "requires": {
                "split2": "^4.1.0"
            }
        },
        "postgres-array": {
            "version": "2.0.0",
            "resolved": "https://registry.npmjs.org/postgres-array/-/postgres-array-2.0.0.tgz",
            "integrity": "sha512-VpZrUqU5A69eQyW2c5CA1jtLecCsN2U/bD6VilrFDWq5+5UIEVO7nazS3TEcHf1zuPYO/sqGvUvW62g86RXZuA=="
        },
        "postgres-bytea": {
            "version": "1.0.0",
            "resolved": "https://registry.npmjs.org/postgres-bytea/-/postgres-bytea-1.0.0.tgz",
            "integrity": "sha512-xy3pmLuQqRBZBXDULy7KbaitYqLcmxigw14Q5sj8QBVLqEwXfeybIKVWiqAXTlcvdvb0+xkOtDbfQMOf4lST1w=="
        },
        "postgres-date": {
            "version": "1.0.7",
            "resolved": "https://registry.npmjs.org/postgres-date/-/postgres-date-1.0.7.tgz",
            "integrity": "sha512-suDmjLVQg78nMK2UZ454hAG+OAW+HQPZ6n++TNDUX+L0+uUlLywnoxJKDou51Zm+zTCjrCl0Nq6J9C5hP9vK/Q=="
        },
        "postgres-interval": {
            "version": "1.2.0",
            "resolved": "https://registry.npmjs.org/postgres-interval/-/postgres-interval-1.2.0.tgz",
            "integrity": "sha512-9ZhXKM/rw350N1ovuWHbGxnGh/SNJ4cnxHiM0rxE4VN41wsg8P8zWn9hv/buK00RP4WvlOyr/RBDiptyxVbkZQ==",
            "requires": {
                "xtend": "^4.0.0"
            }
        },
        "serialport": {
            "version": "10.5.0",
            "resolved": "https://registry.npmjs.org/serialport/-/serialport-10.5.0.tgz",
            "integrity": "sha512-7OYLDsu5i6bbv3lU81pGy076xe0JwpK6b49G6RjNvGibstUqQkI+I3/X491yBGtf4gaqUdOgoU1/5KZ/XxL4dw==",
            "requires": {
                "@serialport/binding-mock": "10.2.2",
                "@serialport/bindings-cpp": "10.8.0",
                "@serialport/parser-byte-length": "10.5.0",
                "@serialport/parser-cctalk": "10.5.0",
                "@serialport/parser-delimiter": "10.5.0",
                "@serialport/parser-inter-byte-timeout": "10.5.0",
                "@serialport/parser-packet-length": "10.5.0",
                "@serialport/parser-readline": "10.5.0",
                "@serialport/parser-ready": "10.5.0",
                "@serialport/parser-regex": "10.5.0",
                "@serialport/parser-slip-encoder": "10.5.0",
                "@serialport/parser-spacepacket": "10.5.0",
                "@serialport/stream": "10.5.0",
                "debug": "^4.3.3"
            }
        },
        "split2": {
            "version": "4.1.0",
            "resolved": "https://registry.npmjs.org/split2/-/split2-4.1.0.tgz",
            "integrity": "sha512-VBiJxFkxiXRlUIeyMQi8s4hgvKCSjtknJv/LVYbrgALPwf5zSKmEwV9Lst25AkvMDnvxODugjdl6KZgwKM1WYQ=="
        },
        "xtend": {
            "version": "4.0.2",
            "resolved": "https://registry.npmjs.org/xtend/-/xtend-4.0.2.tgz",
            "integrity": "sha512-LKYU1iAXJXUgAXn9URjiu+MWhyUXHsvfp7mcuYm9dSUKK0/CjtrUwFAxD82/mCWbtLsGjFIad0wIsod4zrTAEQ=="
        }
    }
}
